// !$*UTF8*$!
{
	archiveVersion = 1;
	classes = {
	};
	objectVersion = 110;
	objects = {

/* Begin PBXContainerItemProxy section */
		D69DDCD1300F0B3100339E42 /* PBXContainerItemProxy */ = {
			isa = PBXContainerItemProxy;
			containerPortal = D69DDCB9300F0B3000339E42 /* Project object */;
			proxyType = 1;
			remoteGlobalIDString = D69DDCC0300F0B3000339E42;
			remoteInfo = LimitBreak;
		};
		D69DDCDB300F0B3100339E42 /* PBXContainerItemProxy */ = {
			isa = PBXContainerItemProxy;
			containerPortal = D69DDCB9300F0B3000339E42 /* Project object */;
			proxyType = 1;
			remoteGlobalIDString = D69DDCC0300F0B3000339E42;
			remoteInfo = LimitBreak;
		};
/* End PBXContainerItemProxy section */

/* Begin PBXFileReference section */
		D69DDCC1300F0B3000339E42 /* LimitBreak.app */ = {isa = PBXFileReference; explicitFileType = wrapper.application; includeInIndex = 0; path = LimitBreak.app; sourceTree = BUILT_PRODUCTS_DIR; };
		D69DDCD0300F0B3100339E42 /* LimitBreakTests.xctest */ = {isa = PBXFileReference; explicitFileType = wrapper.cfbundle; includeInIndex = 0; path = LimitBreakTests.xctest; sourceTree = BUILT_PRODUCTS_DIR; };
		D69DDCDA300F0B3100339E42 /* LimitBreakUITests.xctest */ = {isa = PBXFileReference; explicitFileType = wrapper.cfbundle; includeInIndex = 0; path = LimitBreakUITests.xctest; sourceTree = BUILT_PRODUCTS_DIR; };
/* End PBXFileReference section */

/* Begin PBXFileSystemSynchronizedRootGroup section */
		D69DDCC3300F0B3000339E42 /* LimitBreak */ = {
			isa = PBXFileSystemSynchronizedRootGroup;
			path = LimitBreak;
			sourceTree = "<group>";
		};
		D69DDCD3300F0B3100339E42 /* LimitBreakTests */ = {
			isa = PBXFileSystemSynchronizedRootGroup;
			path = LimitBreakTests;
			sourceTree = "<group>";
		};
		D69DDCDD300F0B3100339E42 /* LimitBreakUITests */ = {
			isa = PBXFileSystemSynchronizedRootGroup;
			path = LimitBreakUITests;
			sourceTree = "<group>";
		};
/* End PBXFileSystemSynchronizedRootGroup section */

/* Begin PBXFrameworksBuildPhase section */
		D69DDCBE300F0B3000339E42 /* Frameworks */ = {
			isa = PBXFrameworksBuildPhase;
			files = (
			);
		};
		D69DDCCD300F0B3100339E42 /* Frameworks */ = {
			isa = PBXFrameworksBuildPhase;
			files = (
			);
		};
		D69DDCD7300F0B3100339E42 /* Frameworks */ = {
			isa = PBXFrameworksBuildPhase;
			files = (
			);
		};
/* End PBXFrameworksBuildPhase section */

/* Begin PBXGroup section */
		D69DDCB8300F0B3000339E42 = {
			isa = PBXGroup;
			children = (
				D69DDCC3300F0B3000339E42 /* LimitBreak */,
				D69DDCD3300F0B3100339E42 /* LimitBreakTests */,
				D69DDCDD300F0B3100339E42 /* LimitBreakUITests */,
				D69DDCC2300F0B3000339E42 /* Products */,
			);
			sourceTree = "<group>";
		};
		D69DDCC2300F0B3000339E42 /* Products */ = {
			isa = PBXGroup;
			children = (
				D69DDCC1300F0B3000339E42 /* LimitBreak.app */,
				D69DDCD0300F0B3100339E42 /* LimitBreakTests.xctest */,
				D69DDCDA300F0B3100339E42 /* LimitBreakUITests.xctest */,
			);
			name = Products;
			sourceTree = "<group>";
		};
/* End PBXGroup section */

/* Begin PBXNativeTarget section */
		D69DDCC0300F0B3000339E42 /* LimitBreak */ = {
			isa = PBXNativeTarget;
			buildConfigurationList = D69DDCE2300F0B3100339E42 /* Build configuration list for PBXNativeTarget "LimitBreak" */;
			buildPhases = (
				D69DDCBD300F0B3000339E42 /* Sources */,
				D69DDCBE300F0B3000339E42 /* Frameworks */,
				D69DDCBF300F0B3000339E42 /* Resources */,
			);
			buildRules = (
			);
			fileSystemSynchronizedGroups = (
				D69DDCC3300F0B3000339E42 /* LimitBreak */,
			);
			name = LimitBreak;
			productName = LimitBreak;
			productReference = D69DDCC1300F0B3000339E42 /* LimitBreak.app */;
			productType = "com.apple.product-type.application";
		};
		D69DDCCF300F0B3100339E42 /* LimitBreakTests */ = {
			isa = PBXNativeTarget;
			buildConfigurationList = D69DDCE5300F0B3100339E42 /* Build configuration list for PBXNativeTarget "LimitBreakTests" */;
			buildPhases = (
				D69DDCCC300F0B3100339E42 /* Sources */,
				D69DDCCD300F0B3100339E42 /* Frameworks */,
				D69DDCCE300F0B3100339E42 /* Resources */,
			);
			buildRules = (
			);
			dependencies = (
				D69DDCD2300F0B3100339E42 /* PBXTargetDependency */,
			);
			fileSystemSynchronizedGroups = (
				D69DDCD3300F0B3100339E42 /* LimitBreakTests */,
			);
			name = LimitBreakTests;
			productName = LimitBreakTests;
			productReference = D69DDCD0300F0B3100339E42 /* LimitBreakTests.xctest */;
			productType = "com.apple.product-type.bundle.unit-test";
		};
		D69DDCD9300F0B3100339E42 /* LimitBreakUITests */ = {
			isa = PBXNativeTarget;
			buildConfigurationList = D69DDCE8300F0B3100339E42 /* Build configuration list for PBXNativeTarget "LimitBreakUITests" */;
			buildPhases = (
				D69DDCD6300F0B3100339E42 /* Sources */,
				D69DDCD7300F0B3100339E42 /* Frameworks */,
				D69DDCD8300F0B3100339E42 /* Resources */,
			);
			buildRules = (
			);
			dependencies = (
				D69DDCDC300F0B3100339E42 /* PBXTargetDependency */,
			);
			fileSystemSynchronizedGroups = (
				D69DDCDD300F0B3100339E42 /* LimitBreakUITests */,
			);
			name = LimitBreakUITests;
			productName = LimitBreakUITests;
			productReference = D69DDCDA300F0B3100339E42 /* LimitBreakUITests.xctest */;
			productType = "com.apple.product-type.bundle.ui-testing";
		};
/* End PBXNativeTarget section */

/* Begin PBXProject section */
		D69DDCB9300F0B3000339E42 /* Project object */ = {
			isa = PBXProject;
			attributes = {
				BuildIndependentTargetsInParallel = 1;
				LastSwiftUpdateCheck = 2700;
				LastUpgradeCheck = 2700;
				TargetAttributes = {
					D69DDCC0300F0B3000339E42 = {
						CreatedOnToolsVersion = 27.0;
					};
					D69DDCCF300F0B3100339E42 = {
						CreatedOnToolsVersion = 27.0;
						TestTargetID = D69DDCC0300F0B3000339E42;
					};
					D69DDCD9300F0B3100339E42 = {
						CreatedOnToolsVersion = 27.0;
						TestTargetID = D69DDCC0300F0B3000339E42;
					};
				};
			};
			buildConfigurationList = D69DDCBC300F0B3000339E42 /* Build configuration list for PBXProject "LimitBreak" */;
			developmentRegion = en;
			hasScannedForEncodings = 0;
			knownRegions = (
				en,
				Base,
			);
			mainGroup = D69DDCB8300F0B3000339E42;
			minimizedProjectReferenceProxies = 1;
			preferredProjectObjectVersion = 77;
			productRefGroup = D69DDCC2300F0B3000339E42 /* Products */;
			projectDirPath = "";
			projectRoot = "";
			targets = (
				D69DDCC0300F0B3000339E42 /* LimitBreak */,
				D69DDCCF300F0B3100339E42 /* LimitBreakTests */,
				D69DDCD9300F0B3100339E42 /* LimitBreakUITests */,
			);
		};
/* End PBXProject section */

/* Begin PBXResourcesBuildPhase section */
		D69DDCBF300F0B3000339E42 /* Resources */ = {
			isa = PBXResourcesBuildPhase;
			files = (
			);
		};
		D69DDCCE300F0B3100339E42 /* Resources */ = {
			isa = PBXResourcesBuildPhase;
			files = (
			);
		};
		D69DDCD8300F0B3100339E42 /* Resources */ = {
			isa = PBXResourcesBuildPhase;
			files = (
			);
		};
/* End PBXResourcesBuildPhase section */

/* Begin PBXSourcesBuildPhase section */
		D69DDCBD300F0B3000339E42 /* Sources */ = {
			isa = PBXSourcesBuildPhase;
			files = (
			);
		};
		D69DDCCC300F0B3100339E42 /* Sources */ = {
			isa = PBXSourcesBuildPhase;
			files = (
			);
		};
		D69DDCD6300F0B3100339E42 /* Sources */ = {
			isa = PBXSourcesBuildPhase;
			files = (
			);
		};
/* End PBXSourcesBuildPhase section */

/* Begin PBXTargetDependency section */
		D69DDCD2300F0B3100339E42 /* PBXTargetDependency */ = {
			isa = PBXTargetDependency;
			target = D69DDCC0300F0B3000339E42 /* LimitBreak */;
			targetProxy = D69DDCD1300F0B3100339E42 /* PBXContainerItemProxy */;
		};
		D69DDCDC300F0B3100339E42 /* PBXTargetDependency */ = {
			isa = PBXTargetDependency;
			target = D69DDCC0300F0B3000339E42 /* LimitBreak */;
			targetProxy = D69DDCDB300F0B3100339E42 /* PBXContainerItemProxy */;
		};
/* End PBXTargetDependency section */

/* Begin XCBuildConfiguration section */
		D69DDCE0300F0B3100339E42 /* Debug configuration for PBXProject "LimitBreak" */ = {
			isa = XCBuildConfiguration;
			buildSettings = {
				ALWAYS_SEARCH_USER_PATHS = NO;
				ASSETCATALOG_COMPILER_GENERATE_SWIFT_ASSET_SYMBOL_EXTENSIONS = YES;
				CLANG_ANALYZER_NONNULL = YES;
				CLANG_ANALYZER_NUMBER_OBJECT_CONVERSION = YES_AGGRESSIVE;
				CLANG_CXX_LANGUAGE_STANDARD = "gnu++20";
				CLANG_ENABLE_MODULES = YES;
				CLANG_ENABLE_OBJC_ARC = YES;
				CLANG_ENABLE_OBJC_WEAK = YES;
				CLANG_WARN_BLOCK_CAPTURE_AUTORELEASING = YES;
				CLANG_WARN_BOOL_CONVERSION = YES;
				CLANG_WARN_COMMA = YES;
				CLANG_WARN_CONSTANT_CONVERSION = YES;
				CLANG_WARN_DEPRECATED_OBJC_IMPLEMENTATIONS = YES;
				CLANG_WARN_DIRECT_OBJC_ISA_USAGE = YES_ERROR;
				CLANG_WARN_DOCUMENTATION_COMMENTS = YES;
				CLANG_WARN_EMPTY_BODY = YES;
				CLANG_WARN_ENUM_CONVERSION = YES;
				CLANG_WARN_INFINITE_RECURSION = YES;
				CLANG_WARN_INT_CONVERSION = YES;
				CLANG_WARN_NON_LITERAL_NULL_CONVERSION = YES;
				CLANG_WARN_OBJC_IMPLICIT_RETAIN_SELF = YES;
				CLANG_WARN_OBJC_LITERAL_CONVERSION = YES;
				CLANG_WARN_OBJC_ROOT_CLASS = YES_ERROR;
				CLANG_WARN_QUOTED_INCLUDE_IN_FRAMEWORK_HEADER = YES;
				CLANG_WARN_RANGE_LOOP_ANALYSIS = YES;
				CLANG_WARN_STRICT_PROTOTYPES = YES;
				CLANG_WARN_SUSPICIOUS_MOVE = YES;
				CLANG_WARN_UNGUARDED_AVAILABILITY = YES_AGGRESSIVE;
				CLANG_WARN_UNREACHABLE_CODE = YES;
				CLANG_WARN__DUPLICATE_METHOD_MATCH = YES;
				COPY_PHASE_STRIP = NO;
				DEBUG_INFORMATION_FORMAT = dwarf;
				DEVELOPMENT_TEAM = SKN4A8SF67;
				ENABLE_STRICT_OBJC_MSGSEND = YES;
				ENABLE_TESTABILITY = YES;
				ENABLE_USER_SCRIPT_SANDBOXING = YES;
				GCC_C_LANGUAGE_STANDARD = gnu17;
				GCC_DYNAMIC_NO_PIC = NO;
				GCC_NO_COMMON_BLOCKS = YES;
				GCC_OPTIMIZATION_LEVEL = 0;
				GCC_PREPROCESSOR_DEFINITIONS = (
					"DEBUG=1",
					"$(inherited)",
				);
				GCC_WARN_64_TO_32_BIT_CONVERSION = YES;
				GCC_WARN_ABOUT_RETURN_TYPE = YES_ERROR;
				GCC_WARN_UNDECLARED_SELECTOR = YES;
				GCC_WARN_UNINITIALIZED_AUTOS = YES_AGGRESSIVE;
				GCC_WARN_UNUSED_FUNCTION = YES;
				GCC_WARN_UNUSED_VARIABLE = YES;
				IPHONEOS_DEPLOYMENT_TARGET = 27.0;
				LOCALIZATION_PREFERS_STRING_CATALOGS = YES;
				MTL_ENABLE_DEBUG_INFO = INCLUDE_SOURCE;
				MTL_FAST_MATH = YES;
				ONLY_ACTIVE_ARCH = YES;
				SDKROOT = iphoneos;
				SWIFT_ACTIVE_COMPILATION_CONDITIONS = "DEBUG $(inherited)";
				SWIFT_OPTIMIZATION_LEVEL = "-Onone";
			};
			name = Debug;
		};
		D69DDCE1300F0B3100339E42 /* Release configuration for PBXProject "LimitBreak" */ = {
			isa = XCBuildConfiguration;
			buildSettings = {
				ALWAYS_SEARCH_USER_PATHS = NO;
				ASSETCATALOG_COMPILER_GENERATE_SWIFT_ASSET_SYMBOL_EXTENSIONS = YES;
				CLANG_ANALYZER_NONNULL = YES;
				CLANG_ANALYZER_NUMBER_OBJECT_CONVERSION = YES_AGGRESSIVE;
				CLANG_CXX_LANGUAGE_STANDARD = "gnu++20";
				CLANG_ENABLE_MODULES = YES;
				CLANG_ENABLE_OBJC_ARC = YES;
				CLANG_ENABLE_OBJC_WEAK = YES;
				CLANG_WARN_BLOCK_CAPTURE_AUTORELEASING = YES;
				CLANG_WARN_BOOL_CONVERSION = YES;
				CLANG_WARN_COMMA = YES;
				CLANG_WARN_CONSTANT_CONVERSION = YES;
				CLANG_WARN_DEPRECATED_OBJC_IMPLEMENTATIONS = YES;
				CLANG_WARN_DIRECT_OBJC_ISA_USAGE = YES_ERROR;
				CLANG_WARN_DOCUMENTATION_COMMENTS = YES;
				CLANG_WARN_EMPTY_BODY = YES;
				CLANG_WARN_ENUM_CONVERSION = YES;
				CLANG_WARN_INFINITE_RECURSION = YES;
				CLANG_WARN_INT_CONVERSION = YES;
				CLANG_WARN_NON_LITERAL_NULL_CONVERSION = YES;
				CLANG_WARN_OBJC_IMPLICIT_RETAIN_SELF = YES;
				CLANG_WARN_OBJC_LITERAL_CONVERSION = YES;
				CLANG_WARN_OBJC_ROOT_CLASS = YES_ERROR;
				CLANG_WARN_QUOTED_INCLUDE_IN_FRAMEWORK_HEADER = YES;
				CLANG_WARN_RANGE_LOOP_ANALYSIS = YES;
				CLANG_WARN_STRICT_PROTOTYPES = YES;
				CLANG_WARN_SUSPICIOUS_MOVE = YES;
				CLANG_WARN_UNGUARDED_AVAILABILITY = YES_AGGRESSIVE;
				CLANG_WARN_UNREACHABLE_CODE = YES;
				CLANG_WARN__DUPLICATE_METHOD_MATCH = YES;
				COPY_PHASE_STRIP = NO;
				DEBUG_INFORMATION_FORMAT = "dwarf-with-dsym";
				DEVELOPMENT_TEAM = SKN4A8SF67;
				ENABLE_NS_ASSERTIONS = NO;
				ENABLE_STRICT_OBJC_MSGSEND = YES;
				ENABLE_USER_SCRIPT_SANDBOXING = YES;
				GCC_C_LANGUAGE_STANDARD = gnu17;
				GCC_NO_COMMON_BLOCKS = YES;
				GCC_WARN_64_TO_32_BIT_CONVERSION = YES;
				GCC_WARN_ABOUT_RETURN_TYPE = YES_ERROR;
				GCC_WARN_UNDECLARED_SELECTOR = YES;
				GCC_WARN_UNINITIALIZED_AUTOS = YES_AGGRESSIVE;
				GCC_WARN_UNUSED_FUNCTION = YES;
				GCC_WARN_UNUSED_VARIABLE = YES;
				IPHONEOS_DEPLOYMENT_TARGET = 27.0;
				LOCALIZATION_PREFERS_STRING_CATALOGS = YES;
				MTL_ENABLE_DEBUG_INFO = NO;
				MTL_FAST_MATH = YES;
				SDKROOT = iphoneos;
				SWIFT_COMPILATION_MODE = wholemodule;
				VALIDATE_PRODUCT = YES;
			};
			name = Release;
		};
		D69DDCE3300F0B3100339E42 /* Debug configuration for PBXNativeTarget "LimitBreak" */ = {
			isa = XCBuildConfiguration;
			buildSettings = {
				ASSETCATALOG_COMPILER_APPICON_NAME = AppIcon;
				ASSETCATALOG_COMPILER_GLOBAL_ACCENT_COLOR_NAME = AccentColor;
				CODE_SIGN_STYLE = Automatic;
				CURRENT_PROJECT_VERSION = 1;
				DEVELOPMENT_TEAM = SKN4A8SF67;
				ENABLE_PREVIEWS = YES;
				GENERATE_INFOPLIST_FILE = YES;
				INFOPLIST_KEY_UIApplicationSceneManifest_Generation = YES;
				INFOPLIST_KEY_UIApplicationSupportsIndirectInputEvents = YES;
				INFOPLIST_KEY_UILaunchScreen_Generation = YES;
				INFOPLIST_KEY_UISupportedInterfaceOrientations = UIInterfaceOrientationPortrait;
				INFOPLIST_KEY_UISupportedInterfaceOrientations_iPad = "UIInterfaceOrientationLandscapeLeft UIInterfaceOrientationLandscapeRight UIInterfaceOrientationPortrait UIInterfaceOrientationPortraitUpsideDown";
				IPHONEOS_DEPLOYMENT_TARGET = 26.6;
				LD_RUNPATH_SEARCH_PATHS = (
					"$(inherited)",
					"@executable_path/Frameworks",
				);
				MARKETING_VERSION = 1.0;
				PRODUCT_BUNDLE_IDENTIFIER = testing.app.LimitBreak;
				PRODUCT_NAME = "$(TARGET_NAME)";
				STRING_CATALOG_GENERATE_SYMBOLS = YES;
				SWIFT_APPROACHABLE_CONCURRENCY = YES;
				SWIFT_DEFAULT_ACTOR_ISOLATION = MainActor;
				SWIFT_EMIT_LOC_STRINGS = YES;
				SWIFT_UPCOMING_FEATURE_MEMBER_IMPORT_VISIBILITY = YES;
				SWIFT_VERSION = 5.0;
				TARGETED_DEVICE_FAMILY = "1,2";
			};
			name = Debug;
		};
		D69DDCE4300F0B3100339E42 /* Release configuration for PBXNativeTarget "LimitBreak" */ = {
			isa = XCBuildConfiguration;
			buildSettings = {
				ASSETCATALOG_COMPILER_APPICON_NAME = AppIcon;
				ASSETCATALOG_COMPILER_GLOBAL_ACCENT_COLOR_NAME = AccentColor;
				CODE_SIGN_STYLE = Automatic;
				CURRENT_PROJECT_VERSION = 1;
				DEVELOPMENT_TEAM = SKN4A8SF67;
				ENABLE_PREVIEWS = YES;
				GENERATE_INFOPLIST_FILE = YES;
				INFOPLIST_KEY_UIApplicationSceneManifest_Generation = YES;
				INFOPLIST_KEY_UIApplicationSupportsIndirectInputEvents = YES;
				INFOPLIST_KEY_UILaunchScreen_Generation = YES;
				INFOPLIST_KEY_UISupportedInterfaceOrientations = UIInterfaceOrientationPortrait;
				INFOPLIST_KEY_UISupportedInterfaceOrientations_iPad = "UIInterfaceOrientationLandscapeLeft UIInterfaceOrientationLandscapeRight UIInterfaceOrientationPortrait UIInterfaceOrientationPortraitUpsideDown";
				IPHONEOS_DEPLOYMENT_TARGET = 26.6;
				LD_RUNPATH_SEARCH_PATHS = (
					"$(inherited)",
					"@executable_path/Frameworks",
				);
				MARKETING_VERSION = 1.0;
				PRODUCT_BUNDLE_IDENTIFIER = testing.app.LimitBreak;
				PRODUCT_NAME = "$(TARGET_NAME)";
				STRING_CATALOG_GENERATE_SYMBOLS = YES;
				SWIFT_APPROACHABLE_CONCURRENCY = YES;
				SWIFT_DEFAULT_ACTOR_ISOLATION = MainActor;
				SWIFT_EMIT_LOC_STRINGS = YES;
				SWIFT_UPCOMING_FEATURE_MEMBER_IMPORT_VISIBILITY = YES;
				SWIFT_VERSION = 5.0;
				TARGETED_DEVICE_FAMILY = "1,2";
			};
			name = Release;
		};
		D69DDCE6300F0B3100339E42 /* Debug configuration for PBXNativeTarget "LimitBreakTests" */ = {
			isa = XCBuildConfiguration;
			buildSettings = {
				BUNDLE_LOADER = "$(TEST_HOST)";
				CODE_SIGN_STYLE = Automatic;
				CURRENT_PROJECT_VERSION = 1;
				DEVELOPMENT_TEAM = SKN4A8SF67;
				GENERATE_INFOPLIST_FILE = YES;
				IPHONEOS_DEPLOYMENT_TARGET = 27.0;
				MARKETING_VERSION = 1.0;
				PRODUCT_BUNDLE_IDENTIFIER = testing.app.LimitBreakTests;
				PRODUCT_NAME = "$(TARGET_NAME)";
				STRING_CATALOG_GENERATE_SYMBOLS = NO;
				SWIFT_APPROACHABLE_CONCURRENCY = YES;
				SWIFT_EMIT_LOC_STRINGS = NO;
				SWIFT_UPCOMING_FEATURE_MEMBER_IMPORT_VISIBILITY = YES;
				SWIFT_VERSION = 5.0;
				TARGETED_DEVICE_FAMILY = "1,2";
				TEST_HOST = "$(BUILT_PRODUCTS_DIR)/LimitBreak.app/$(BUNDLE_EXECUTABLE_FOLDER_PATH)/LimitBreak";
			};
			name = Debug;
		};
		D69DDCE7300F0B3100339E42 /* Release configuration for PBXNativeTarget "LimitBreakTests" */ = {
			isa = XCBuildConfiguration;
			buildSettings = {
				BUNDLE_LOADER = "$(TEST_HOST)";
				CODE_SIGN_STYLE = Automatic;
				CURRENT_PROJECT_VERSION = 1;
				DEVELOPMENT_TEAM = SKN4A8SF67;
				GENERATE_INFOPLIST_FILE = YES;
				IPHONEOS_DEPLOYMENT_TARGET = 27.0;
				MARKETING_VERSION = 1.0;
				PRODUCT_BUNDLE_IDENTIFIER = testing.app.LimitBreakTests;
				PRODUCT_NAME = "$(TARGET_NAME)";
				STRING_CATALOG_GENERATE_SYMBOLS = NO;
				SWIFT_APPROACHABLE_CONCURRENCY = YES;
				SWIFT_EMIT_LOC_STRINGS = NO;
				SWIFT_UPCOMING_FEATURE_MEMBER_IMPORT_VISIBILITY = YES;
				SWIFT_VERSION = 5.0;
				TARGETED_DEVICE_FAMILY = "1,2";
				TEST_HOST = "$(BUILT_PRODUCTS_DIR)/LimitBreak.app/$(BUNDLE_EXECUTABLE_FOLDER_PATH)/LimitBreak";
			};
			name = Release;
		};
		D69DDCE9300F0B3100339E42 /* Debug configuration for PBXNativeTarget "LimitBreakUITests" */ = {
			isa = XCBuildConfiguration;
			buildSettings = {
				CODE_SIGN_STYLE = Automatic;
				CURRENT_PROJECT_VERSION = 1;
				DEVELOPMENT_TEAM = SKN4A8SF67;
				GENERATE_INFOPLIST_FILE = YES;
				MARKETING_VERSION = 1.0;
				PRODUCT_BUNDLE_IDENTIFIER = testing.app.LimitBreakUITests;
				PRODUCT_NAME = "$(TARGET_NAME)";
				STRING_CATALOG_GENERATE_SYMBOLS = NO;
				SWIFT_APPROACHABLE_CONCURRENCY = YES;
				SWIFT_EMIT_LOC_STRINGS = NO;
				SWIFT_UPCOMING_FEATURE_MEMBER_IMPORT_VISIBILITY = YES;
				SWIFT_VERSION = 5.0;
				TARGETED_DEVICE_FAMILY = "1,2";
				TEST_TARGET_NAME = LimitBreak;
			};
			name = Debug;
		};
		D69DDCEA300F0B3100339E42 /* Release configuration for PBXNativeTarget "LimitBreakUITests" */ = {
			isa = XCBuildConfiguration;
			buildSettings = {
				CODE_SIGN_STYLE = Automatic;
				CURRENT_PROJECT_VERSION = 1;
				DEVELOPMENT_TEAM = SKN4A8SF67;
				GENERATE_INFOPLIST_FILE = YES;
				MARKETING_VERSION = 1.0;
				PRODUCT_BUNDLE_IDENTIFIER = testing.app.LimitBreakUITests;
				PRODUCT_NAME = "$(TARGET_NAME)";
				STRING_CATALOG_GENERATE_SYMBOLS = NO;
				SWIFT_APPROACHABLE_CONCURRENCY = YES;
				SWIFT_EMIT_LOC_STRINGS = NO;
				SWIFT_UPCOMING_FEATURE_MEMBER_IMPORT_VISIBILITY = YES;
				SWIFT_VERSION = 5.0;
				TARGETED_DEVICE_FAMILY = "1,2";
				TEST_TARGET_NAME = LimitBreak;
			};
			name = Release;
		};
/* End XCBuildConfiguration section */

/* Begin XCConfigurationList section */
		D69DDCBC300F0B3000339E42 /* Build configuration list for PBXProject "LimitBreak" */ = {
			isa = XCConfigurationList;
			buildConfigurations = (
				D69DDCE0300F0B3100339E42 /* Debug configuration for PBXProject "LimitBreak" */,
				D69DDCE1300F0B3100339E42 /* Release configuration for PBXProject "LimitBreak" */,
			);
			defaultConfigurationName = Release;
		};
		D69DDCE2300F0B3100339E42 /* Build configuration list for PBXNativeTarget "LimitBreak" */ = {
			isa = XCConfigurationList;
			buildConfigurations = (
				D69DDCE3300F0B3100339E42 /* Debug configuration for PBXNativeTarget "LimitBreak" */,
				D69DDCE4300F0B3100339E42 /* Release configuration for PBXNativeTarget "LimitBreak" */,
			);
			defaultConfigurationName = Release;
		};
		D69DDCE5300F0B3100339E42 /* Build configuration list for PBXNativeTarget "LimitBreakTests" */ = {
			isa = XCConfigurationList;
			buildConfigurations = (
				D69DDCE6300F0B3100339E42 /* Debug configuration for PBXNativeTarget "LimitBreakTests" */,
				D69DDCE7300F0B3100339E42 /* Release configuration for PBXNativeTarget "LimitBreakTests" */,
			);
			defaultConfigurationName = Release;
		};
		D69DDCE8300F0B3100339E42 /* Build configuration list for PBXNativeTarget "LimitBreakUITests" */ = {
			isa = XCConfigurationList;
			buildConfigurations = (
				D69DDCE9300F0B3100339E42 /* Debug configuration for PBXNativeTarget "LimitBreakUITests" */,
				D69DDCEA300F0B3100339E42 /* Release configuration for PBXNativeTarget "LimitBreakUITests" */,
			);
			defaultConfigurationName = Release;
		};
/* End XCConfigurationList section */
	};
	rootObject = D69DDCB9300F0B3000339E42 /* Project object */;
	validationLevel = 1;
}
