// !$*UTF8*$!
{
	archiveVersion = 1;
	classes = {
	};
	objectVersion = 110;
	objects = {

/* Begin PBXBuildFile section */
		AA10000000000000000000A4 /* LimitBreakWatch.app in Embed Watch Content */ = {isa = PBXBuildFile; fileRef = AA10000000000000000000C1 /* LimitBreakWatch.app */; settings = {ATTRIBUTES = (RemoveHeadersOnCopy, ); }; };
		AA10000000000000000000A5 /* LimitBreakWidgets.appex in Embed Foundation Extensions */ = {isa = PBXBuildFile; fileRef = AA10000000000000000000C2 /* LimitBreakWidgets.appex */; settings = {ATTRIBUTES = (RemoveHeadersOnCopy, ); }; };
/* End PBXBuildFile section */

/* Begin PBXContainerItemProxy section */
		AA10000000000000000000A8 /* PBXContainerItemProxy */ = {
			isa = PBXContainerItemProxy;
			containerPortal = D69DDCB9300F0B3000339E42 /* Project object */;
			proxyType = 1;
			remoteGlobalIDString = AA10000000000000000000B1;
			remoteInfo = LimitBreakWatch;
		};
		AA10000000000000000000A9 /* PBXContainerItemProxy */ = {
			isa = PBXContainerItemProxy;
			containerPortal = D69DDCB9300F0B3000339E42 /* Project object */;
			proxyType = 1;
			remoteGlobalIDString = AA10000000000000000000B2;
			remoteInfo = LimitBreakWidgets;
		};
		D69DDCD1300F0B3100339E42 /* PBXContainerItemProxy */ = {
			isa = PBXContainerItemProxy;
			containerPortal = D69DDCB9300F0B3000339E42 /* Project object */;
			proxyType = 1;
			remoteGlobalIDString = D69DDCC0300F0B3000339E42;
			remoteInfo = LimitBreak;
		};
		D69DDCDB300F0B3100339E42 /* PBXContainerItemProxy */ = {
			isa = PBXContainerItemProxy;
			containerPortal = D69DDCB9300F0B3000339E42 /* Project object */;
			proxyType = 1;
			remoteGlobalIDString = D69DDCC0300F0B3000339E42;
			remoteInfo = LimitBreak;
		};
/* End PBXContainerItemProxy section */

/* Begin PBXCopyFilesBuildPhase section */
		AA10000000000000000000A6 /* Embed Watch Content */ = {
			isa = PBXCopyFilesBuildPhase;
			dstPath = "$(CONTENTS_FOLDER_PATH)/Watch";
			dstSubfolder = Product;
			files = (
				AA10000000000000000000A4 /* LimitBreakWatch.app in Embed Watch Content */,
			);
			name = "Embed Watch Content";
		};
		AA10000000000000000000A7 /* Embed Foundation Extensions */ = {
			isa = PBXCopyFilesBuildPhase;
			dstPath = "";
			dstSubfolder = PlugIns;
			files = (
				AA10000000000000000000A5 /* LimitBreakWidgets.appex in Embed Foundation Extensions */,
			);
			name = "Embed Foundation Extensions";
		};
/* End PBXCopyFilesBuildPhase section */

/* Begin PBXFileReference section */
		AA10000000000000000000C1 /* LimitBreakWatch.app */ = {isa = PBXFileReference; explicitFileType = wrapper.application; includeInIndex = 0; path = LimitBreakWatch.app; sourceTree = BUILT_PRODUCTS_DIR; };
		AA10000000000000000000C2 /* LimitBreakWidgets.appex */ = {isa = PBXFileReference; explicitFileType = "wrapper.app-extension"; includeInIndex = 0; path = LimitBreakWidgets.appex; sourceTree = BUILT_PRODUCTS_DIR; };
		D69DDCC1300F0B3000339E42 /* LimitBreak.app */ = {isa = PBXFileReference; explicitFileType = wrapper.application; includeInIndex = 0; path = LimitBreak.app; sourceTree = BUILT_PRODUCTS_DIR; };
		D69DDCD0300F0B3100339E42 /* LimitBreakTests.xctest */ = {isa = PBXFileReference; explicitFileType = wrapper.cfbundle; includeInIndex = 0; path = LimitBreakTests.xctest; sourceTree = BUILT_PRODUCTS_DIR; };
		D69DDCDA300F0B3100339E42 /* LimitBreakUITests.xctest */ = {isa = PBXFileReference; explicitFileType = wrapper.cfbundle; includeInIndex = 0; path = LimitBreakUITests.xctest; sourceTree = BUILT_PRODUCTS_DIR; };
/* End PBXFileReference section */

/* Begin PBXFileSystemSynchronizedBuildFileExceptionSet section */
		AA10000000000000000000E3 /* Exceptions for "LimitBreakWidgets" folder in "LimitBreakWidgets" target */ = {
			isa = PBXFileSystemSynchronizedBuildFileExceptionSet;
			membershipExceptions = (
				Info.plist,
			);
			target = AA10000000000000000000B2 /* LimitBreakWidgets */;
		};
/* End PBXFileSystemSynchronizedBuildFileExceptionSet section */

/* Begin PBXFileSystemSynchronizedRootGroup section */
		AA10000000000000000000A1 /* LimitBreakShared */ = {
			isa = PBXFileSystemSynchronizedRootGroup;
			path = LimitBreakShared;
			sourceTree = "<group>";
		};
		AA10000000000000000000A2 /* LimitBreakWatch */ = {
			isa = PBXFileSystemSynchronizedRootGroup;
			path = LimitBreakWatch;
			sourceTree = "<group>";
		};
		AA10000000000000000000A3 /* LimitBreakWidgets */ = {
			isa = PBXFileSystemSynchronizedRootGroup;
			exceptions = (
				AA10000000000000000000E3 /* Exceptions for "LimitBreakWidgets" folder in "LimitBreakWidgets" target */,
			);
			path = LimitBreakWidgets;
			sourceTree = "<group>";
		};
		D69DDCC3300F0B3000339E42 /* LimitBreak */ = {
			isa = PBXFileSystemSynchronizedRootGroup;
			path = LimitBreak;
			sourceTree = "<group>";
		};
		D69DDCD3300F0B3100339E42 /* LimitBreakTests */ = {
			isa = PBXFileSystemSynchronizedRootGroup;
			path = LimitBreakTests;
			sourceTree = "<group>";
		};
		D69DDCDD300F0B3100339E42 /* LimitBreakUITests */ = {
			isa = PBXFileSystemSynchronizedRootGroup;
			path = LimitBreakUITests;
			sourceTree = "<group>";
		};
/* End PBXFileSystemSynchronizedRootGroup section */

/* Begin PBXFrameworksBuildPhase section */
		AA10000000000000000000F2 /* Frameworks */ = {
			isa = PBXFrameworksBuildPhase;
			files = (
			);
		};
		AA10000000000000000000F5 /* Frameworks */ = {
			isa = PBXFrameworksBuildPhase;
			files = (
			);
		};
		D69DDCBE300F0B3000339E42 /* Frameworks */ = {
			isa = PBXFrameworksBuildPhase;
			files = (
			);
		};
		D69DDCCD300F0B3100339E42 /* Frameworks */ = {
			isa = PBXFrameworksBuildPhase;
			files = (
			);
		};
		D69DDCD7300F0B3100339E42 /* Frameworks */ = {
			isa = PBXFrameworksBuildPhase;
			files = (
			);
		};
/* End PBXFrameworksBuildPhase section */

/* Begin PBXGroup section */
		D69DDCB8300F0B3000339E42 = {
			isa = PBXGroup;
			children = (
				D69DDCC3300F0B3000339E42 /* LimitBreak */,
				AA10000000000000000000A1 /* LimitBreakShared */,
				AA10000000000000000000A2 /* LimitBreakWatch */,
				AA10000000000000000000A3 /* LimitBreakWidgets */,
				D69DDCD3300F0B3100339E42 /* LimitBreakTests */,
				D69DDCDD300F0B3100339E42 /* LimitBreakUITests */,
				D69DDCC2300F0B3000339E42 /* Products */,
			);
			sourceTree = "<group>";
		};
		D69DDCC2300F0B3000339E42 /* Products */ = {
			isa = PBXGroup;
			children = (
				D69DDCC1300F0B3000339E42 /* LimitBreak.app */,
				D69DDCD0300F0B3100339E42 /* LimitBreakTests.xctest */,
				D69DDCDA300F0B3100339E42 /* LimitBreakUITests.xctest */,
				AA10000000000000000000C1 /* LimitBreakWatch.app */,
				AA10000000000000000000C2 /* LimitBreakWidgets.appex */,
			);
			name = Products;
			sourceTree = "<group>";
		};
/* End PBXGroup section */

/* Begin PBXNativeTarget section */
		AA10000000000000000000B1 /* LimitBreakWatch */ = {
			isa = PBXNativeTarget;
			buildConfigurationList = AA10000000000000000000D0 /* Build configuration list for PBXNativeTarget "LimitBreakWatch" */;
			buildPhases = (
				AA10000000000000000000F1 /* Sources */,
				AA10000000000000000000F2 /* Frameworks */,
				AA10000000000000000000F3 /* Resources */,
			);
			buildRules = (
			);
			fileSystemSynchronizedGroups = (
				AA10000000000000000000A1 /* LimitBreakShared */,
				AA10000000000000000000A2 /* LimitBreakWatch */,
			);
			name = LimitBreakWatch;
			productName = LimitBreakWatch;
			productReference = AA10000000000000000000C1 /* LimitBreakWatch.app */;
			productType = "com.apple.product-type.application";
		};
		AA10000000000000000000B2 /* LimitBreakWidgets */ = {
			isa = PBXNativeTarget;
			buildConfigurationList = AA10000000000000000000E0 /* Build configuration list for PBXNativeTarget "LimitBreakWidgets" */;
			buildPhases = (
				AA10000000000000000000F4 /* Sources */,
				AA10000000000000000000F5 /* Frameworks */,
				AA10000000000000000000F6 /* Resources */,
			);
			buildRules = (
			);
			fileSystemSynchronizedGroups = (
				AA10000000000000000000A1 /* LimitBreakShared */,
				AA10000000000000000000A3 /* LimitBreakWidgets */,
			);
			name = LimitBreakWidgets;
			productName = LimitBreakWidgets;
			productReference = AA10000000000000000000C2 /* LimitBreakWidgets.appex */;
			productType = "com.apple.product-type.app-extension";
		};
		D69DDCC0300F0B3000339E42 /* LimitBreak */ = {
			isa = PBXNativeTarget;
			buildConfigurationList = D69DDCE2300F0B3100339E42 /* Build configuration list for PBXNativeTarget "LimitBreak" */;
			buildPhases = (
				D69DDCBD300F0B3000339E42 /* Sources */,
				D69DDCBE300F0B3000339E42 /* Frameworks */,
				D69DDCBF300F0B3000339E42 /* Resources */,
				AA10000000000000000000A6 /* Embed Watch Content */,
				AA10000000000000000000A7 /* Embed Foundation Extensions */,
			);
			buildRules = (
			);
			dependencies = (
				AA10000000000000000000B3 /* PBXTargetDependency */,
				AA10000000000000000000B4 /* PBXTargetDependency */,
			);
			fileSystemSynchronizedGroups = (
				AA10000000000000000000A1 /* LimitBreakShared */,
				D69DDCC3300F0B3000339E42 /* LimitBreak */,
			);
			name = LimitBreak;
			productName = LimitBreak;
			productReference = D69DDCC1300F0B3000339E42 /* LimitBreak.app */;
			productType = "com.apple.product-type.application";
		};
		D69DDCCF300F0B3100339E42 /* LimitBreakTests */ = {
			isa = PBXNativeTarget;
			buildConfigurationList = D69DDCE5300F0B3100339E42 /* Build configuration list for PBXNativeTarget "LimitBreakTests" */;
			buildPhases = (
				D69DDCCC300F0B3100339E42 /* Sources */,
				D69DDCCD300F0B3100339E42 /* Frameworks */,
				D69DDCCE300F0B3100339E42 /* Resources */,
			);
			buildRules = (
			);
			dependencies = (
				D69DDCD2300F0B3100339E42 /* PBXTargetDependency */,
			);
			fileSystemSynchronizedGroups = (
				D69DDCD3300F0B3100339E42 /* LimitBreakTests */,
			);
			name = LimitBreakTests;
			productName = LimitBreakTests;
			productReference = D69DDCD0300F0B3100339E42 /* LimitBreakTests.xctest */;
			productType = "com.apple.product-type.bundle.unit-test";
		};
		D69DDCD9300F0B3100339E42 /* LimitBreakUITests */ = {
			isa = PBXNativeTarget;
			buildConfigurationList = D69DDCE8300F0B3100339E42 /* Build configuration list for PBXNativeTarget "LimitBreakUITests" */;
			buildPhases = (
				D69DDCD6300F0B3100339E42 /* Sources */,
				D69DDCD7300F0B3100339E42 /* Frameworks */,
				D69DDCD8300F0B3100339E42 /* Resources */,
			);
			buildRules = (
			);
			dependencies = (
				D69DDCDC300F0B3100339E42 /* PBXTargetDependency */,
			);
			fileSystemSynchronizedGroups = (
				D69DDCDD300F0B3100339E42 /* LimitBreakUITests */,
			);
			name = LimitBreakUITests;
			productName = LimitBreakUITests;
			productReference = D69DDCDA300F0B3100339E42 /* LimitBreakUITests.xctest */;
			productType = "com.apple.product-type.bundle.ui-testing";
		};
/* End PBXNativeTarget section */

/* Begin PBXProject section */
		D69DDCB9300F0B3000339E42 /* Project object */ = {
			isa = PBXProject;
			attributes = {
				BuildIndependentTargetsInParallel = 1;
				LastSwiftUpdateCheck = 2700;
				LastUpgradeCheck = 2700;
				TargetAttributes = {
					D69DDCC0300F0B3000339E42 = {
						CreatedOnToolsVersion = 27.0;
					};
					D69DDCCF300F0B3100339E42 = {
						CreatedOnToolsVersion = 27.0;
						TestTargetID = D69DDCC0300F0B3000339E42;
					};
					D69DDCD9300F0B3100339E42 = {
						CreatedOnToolsVersion = 27.0;
						TestTargetID = D69DDCC0300F0B3000339E42;
					};
				};
			};
			buildConfigurationList = D69DDCBC300F0B3000339E42 /* Build configuration list for PBXProject "LimitBreak" */;
			developmentRegion = en;
			hasScannedForEncodings = 0;
			knownRegions = (
				en,
				Base,
			);
			mainGroup = D69DDCB8300F0B3000339E42;
			minimizedProjectReferenceProxies = 1;
			preferredProjectObjectVersion = 77;
			productRefGroup = D69DDCC2300F0B3000339E42 /* Products */;
			projectDirPath = "";
			projectRoot = "";
			targets = (
				D69DDCC0300F0B3000339E42 /* LimitBreak */,
				D69DDCCF300F0B3100339E42 /* LimitBreakTests */,
				D69DDCD9300F0B3100339E42 /* LimitBreakUITests */,
				AA10000000000000000000B1 /* LimitBreakWatch */,
				AA10000000000000000000B2 /* LimitBreakWidgets */,
			);
		};
/* End PBXProject section */

/* Begin PBXResourcesBuildPhase section */
		AA10000000000000000000F3 /* Resources */ = {
			isa = PBXResourcesBuildPhase;
			files = (
			);
		};
		AA10000000000000000000F6 /* Resources */ = {
			isa = PBXResourcesBuildPhase;
			files = (
			);
		};
		D69DDCBF300F0B3000339E42 /* Resources */ = {
			isa = PBXResourcesBuildPhase;
			files = (
			);
		};
		D69DDCCE300F0B3100339E42 /* Resources */ = {
			isa = PBXResourcesBuildPhase;
			files = (
			);
		};
		D69DDCD8300F0B3100339E42 /* Resources */ = {
			isa = PBXResourcesBuildPhase;
			files = (
			);
		};
/* End PBXResourcesBuildPhase section */

/* Begin PBXSourcesBuildPhase section */
		AA10000000000000000000F1 /* Sources */ = {
			isa = PBXSourcesBuildPhase;
			files = (
			);
		};
		AA10000000000000000000F4 /* Sources */ = {
			isa = PBXSourcesBuildPhase;
			files = (
			);
		};
		D69DDCBD300F0B3000339E42 /* Sources */ = {
			isa = PBXSourcesBuildPhase;
			files = (
			);
		};
		D69DDCCC300F0B3100339E42 /* Sources */ = {
			isa = PBXSourcesBuildPhase;
			files = (
			);
		};
		D69DDCD6300F0B3100339E42 /* Sources */ = {
			isa = PBXSourcesBuildPhase;
			files = (
			);
		};
/* End PBXSourcesBuildPhase section */

/* Begin PBXTargetDependency section */
		AA10000000000000000000B3 /* PBXTargetDependency */ = {
			isa = PBXTargetDependency;
			target = AA10000000000000000000B1 /* LimitBreakWatch */;
			targetProxy = AA10000000000000000000A8 /* PBXContainerItemProxy */;
		};
		AA10000000000000000000B4 /* PBXTargetDependency */ = {
			isa = PBXTargetDependency;
			target = AA10000000000000000000B2 /* LimitBreakWidgets */;
			targetProxy = AA10000000000000000000A9 /* PBXContainerItemProxy */;
		};
		D69DDCD2300F0B3100339E42 /* PBXTargetDependency */ = {
			isa = PBXTargetDependency;
			target = D69DDCC0300F0B3000339E42 /* LimitBreak */;
			targetProxy = D69DDCD1300F0B3100339E42 /* PBXContainerItemProxy */;
		};
		D69DDCDC300F0B3100339E42 /* PBXTargetDependency */ = {
			isa = PBXTargetDependency;
			target = D69DDCC0300F0B3000339E42 /* LimitBreak */;
			targetProxy = D69DDCDB300F0B3100339E42 /* PBXContainerItemProxy */;
		};
/* End PBXTargetDependency section */

/* Begin XCBuildConfiguration section */
		AA10000000000000000000D1 /* Debug configuration for PBXNativeTarget "LimitBreakWatch" */ = {
			isa = XCBuildConfiguration;
			buildSettings = {
				ASSETCATALOG_COMPILER_APPICON_NAME = AppIcon;
				ASSETCATALOG_COMPILER_INCLUDE_ALL_APPICON_ASSETS = YES;
				CODE_SIGN_STYLE = Automatic;
				CURRENT_PROJECT_VERSION = 1;
				DEVELOPMENT_TEAM = SKN4A8SF67;
				ENABLE_PREVIEWS = YES;
				GENERATE_INFOPLIST_FILE = YES;
				INFOPLIST_KEY_CFBundleDisplayName = LimitBreak;
				INFOPLIST_KEY_UISupportedInterfaceOrientations = "UIInterfaceOrientationPortrait UIInterfaceOrientationPortraitUpsideDown";
				INFOPLIST_KEY_WKCompanionAppBundleIdentifier = testing.app.LimitBreak;
				LD_RUNPATH_SEARCH_PATHS = (
					"$(inherited)",
					"@executable_path/Frameworks",
				);
				MARKETING_VERSION = 1.0.1;
				PRODUCT_BUNDLE_IDENTIFIER = testing.app.LimitBreak.watchkitapp;
				PRODUCT_NAME = "$(TARGET_NAME)";
				SDKROOT = watchos;
				SKIP_INSTALL = YES;
				SWIFT_APPROACHABLE_CONCURRENCY = YES;
				SWIFT_DEFAULT_ACTOR_ISOLATION = MainActor;
				SWIFT_EMIT_LOC_STRINGS = YES;
				SWIFT_UPCOMING_FEATURE_MEMBER_IMPORT_VISIBILITY = YES;
				SWIFT_VERSION = 5.0;
				TARGETED_DEVICE_FAMILY = 4;
				WATCHOS_DEPLOYMENT_TARGET = 26.0;
			};
			name = Debug;
		};
		AA10000000000000000000D2 /* Release configuration for PBXNativeTarget "LimitBreakWatch" */ = {
			isa = XCBuildConfiguration;
			buildSettings = {
				ASSETCATALOG_COMPILER_APPICON_NAME = AppIcon;
				ASSETCATALOG_COMPILER_INCLUDE_ALL_APPICON_ASSETS = YES;
				CODE_SIGN_STYLE = Automatic;
				CURRENT_PROJECT_VERSION = 1;
				DEVELOPMENT_TEAM = SKN4A8SF67;
				ENABLE_PREVIEWS = YES;
				GENERATE_INFOPLIST_FILE = YES;
				INFOPLIST_KEY_CFBundleDisplayName = LimitBreak;
				INFOPLIST_KEY_UISupportedInterfaceOrientations = "UIInterfaceOrientationPortrait UIInterfaceOrientationPortraitUpsideDown";
				INFOPLIST_KEY_WKCompanionAppBundleIdentifier = testing.app.LimitBreak;
				LD_RUNPATH_SEARCH_PATHS = (
					"$(inherited)",
					"@executable_path/Frameworks",
				);
				MARKETING_VERSION = 1.0.1;
				PRODUCT_BUNDLE_IDENTIFIER = testing.app.LimitBreak.watchkitapp;
				PRODUCT_NAME = "$(TARGET_NAME)";
				SDKROOT = watchos;
				SKIP_INSTALL = YES;
				SWIFT_APPROACHABLE_CONCURRENCY = YES;
				SWIFT_DEFAULT_ACTOR_ISOLATION = MainActor;
				SWIFT_EMIT_LOC_STRINGS = YES;
				SWIFT_UPCOMING_FEATURE_MEMBER_IMPORT_VISIBILITY = YES;
				SWIFT_VERSION = 5.0;
				TARGETED_DEVICE_FAMILY = 4;
				WATCHOS_DEPLOYMENT_TARGET = 26.0;
			};
			name = Release;
		};
		AA10000000000000000000E1 /* Debug configuration for PBXNativeTarget "LimitBreakWidgets" */ = {
			isa = XCBuildConfiguration;
			buildSettings = {
				CODE_SIGN_ENTITLEMENTS = LimitBreakWidgets/LimitBreakWidgets.entitlements;
				CODE_SIGN_STYLE = Automatic;
				CURRENT_PROJECT_VERSION = 1;
				DEVELOPMENT_TEAM = SKN4A8SF67;
				GENERATE_INFOPLIST_FILE = YES;
				INFOPLIST_FILE = LimitBreakWidgets/Info.plist;
				INFOPLIST_KEY_CFBundleDisplayName = LimitBreakWidgets;
				IPHONEOS_DEPLOYMENT_TARGET = 26.0;
				LD_RUNPATH_SEARCH_PATHS = (
					"$(inherited)",
					"@executable_path/Frameworks",
					"@executable_path/../../Frameworks",
				);
				MARKETING_VERSION = 1.0.1;
				PRODUCT_BUNDLE_IDENTIFIER = testing.app.LimitBreak.Widgets;
				PRODUCT_NAME = "$(TARGET_NAME)";
				SKIP_INSTALL = YES;
				SWIFT_APPROACHABLE_CONCURRENCY = YES;
				SWIFT_DEFAULT_ACTOR_ISOLATION = MainActor;
				SWIFT_EMIT_LOC_STRINGS = YES;
				SWIFT_UPCOMING_FEATURE_MEMBER_IMPORT_VISIBILITY = YES;
				SWIFT_VERSION = 5.0;
				TARGETED_DEVICE_FAMILY = "1,2";
			};
			name = Debug;
		};
		AA10000000000000000000E2 /* Release configuration for PBXNativeTarget "LimitBreakWidgets" */ = {
			isa = XCBuildConfiguration;
			buildSettings = {
				CODE_SIGN_ENTITLEMENTS = LimitBreakWidgets/LimitBreakWidgets.entitlements;
				CODE_SIGN_STYLE = Automatic;
				CURRENT_PROJECT_VERSION = 1;
				DEVELOPMENT_TEAM = SKN4A8SF67;
				GENERATE_INFOPLIST_FILE = YES;
				INFOPLIST_FILE = LimitBreakWidgets/Info.plist;
				INFOPLIST_KEY_CFBundleDisplayName = LimitBreakWidgets;
				IPHONEOS_DEPLOYMENT_TARGET = 26.0;
				LD_RUNPATH_SEARCH_PATHS = (
					"$(inherited)",
					"@executable_path/Frameworks",
					"@executable_path/../../Frameworks",
				);
				MARKETING_VERSION = 1.0.1;
				PRODUCT_BUNDLE_IDENTIFIER = testing.app.LimitBreak.Widgets;
				PRODUCT_NAME = "$(TARGET_NAME)";
				SKIP_INSTALL = YES;
				SWIFT_APPROACHABLE_CONCURRENCY = YES;
				SWIFT_DEFAULT_ACTOR_ISOLATION = MainActor;
				SWIFT_EMIT_LOC_STRINGS = YES;
				SWIFT_UPCOMING_FEATURE_MEMBER_IMPORT_VISIBILITY = YES;
				SWIFT_VERSION = 5.0;
				TARGETED_DEVICE_FAMILY = "1,2";
			};
			name = Release;
		};
		D69DDCE0300F0B3100339E42 /* Debug configuration for PBXProject "LimitBreak" */ = {
			isa = XCBuildConfiguration;
			buildSettings = {
				ALWAYS_SEARCH_USER_PATHS = NO;
				ASSETCATALOG_COMPILER_GENERATE_SWIFT_ASSET_SYMBOL_EXTENSIONS = YES;
				CLANG_ANALYZER_NONNULL = YES;
				CLANG_ANALYZER_NUMBER_OBJECT_CONVERSION = YES_AGGRESSIVE;
				CLANG_CXX_LANGUAGE_STANDARD = "gnu++20";
				CLANG_ENABLE_MODULES = YES;
				CLANG_ENABLE_OBJC_ARC = YES;
				CLANG_ENABLE_OBJC_WEAK = YES;
				CLANG_WARN_BLOCK_CAPTURE_AUTORELEASING = YES;
				CLANG_WARN_BOOL_CONVERSION = YES;
				CLANG_WARN_COMMA = YES;
				CLANG_WARN_CONSTANT_CONVERSION = YES;
				CLANG_WARN_DEPRECATED_OBJC_IMPLEMENTATIONS = YES;
				CLANG_WARN_DIRECT_OBJC_ISA_USAGE = YES_ERROR;
				CLANG_WARN_DOCUMENTATION_COMMENTS = YES;
				CLANG_WARN_EMPTY_BODY = YES;
				CLANG_WARN_ENUM_CONVERSION = YES;
				CLANG_WARN_INFINITE_RECURSION = YES;
				CLANG_WARN_INT_CONVERSION = YES;
				CLANG_WARN_NON_LITERAL_NULL_CONVERSION = YES;
				CLANG_WARN_OBJC_IMPLICIT_RETAIN_SELF = YES;
				CLANG_WARN_OBJC_LITERAL_CONVERSION = YES;
				CLANG_WARN_OBJC_ROOT_CLASS = YES_ERROR;
				CLANG_WARN_QUOTED_INCLUDE_IN_FRAMEWORK_HEADER = YES;
				CLANG_WARN_RANGE_LOOP_ANALYSIS = YES;
				CLANG_WARN_STRICT_PROTOTYPES = YES;
				CLANG_WARN_SUSPICIOUS_MOVE = YES;
				CLANG_WARN_UNGUARDED_AVAILABILITY = YES_AGGRESSIVE;
				CLANG_WARN_UNREACHABLE_CODE = YES;
				CLANG_WARN__DUPLICATE_METHOD_MATCH = YES;
				COPY_PHASE_STRIP = NO;
				DEBUG_INFORMATION_FORMAT = dwarf;
				DEVELOPMENT_TEAM = SKN4A8SF67;
				ENABLE_STRICT_OBJC_MSGSEND = YES;
				ENABLE_TESTABILITY = YES;
				ENABLE_USER_SCRIPT_SANDBOXING = YES;
				GCC_C_LANGUAGE_STANDARD = gnu17;
				GCC_DYNAMIC_NO_PIC = NO;
				GCC_NO_COMMON_BLOCKS = YES;
				GCC_OPTIMIZATION_LEVEL = 0;
				GCC_PREPROCESSOR_DEFINITIONS = (
					"DEBUG=1",
					"$(inherited)",
				);
				GCC_WARN_64_TO_32_BIT_CONVERSION = YES;
				GCC_WARN_ABOUT_RETURN_TYPE = YES_ERROR;
				GCC_WARN_UNDECLARED_SELECTOR = YES;
				GCC_WARN_UNINITIALIZED_AUTOS = YES_AGGRESSIVE;
				GCC_WARN_UNUSED_FUNCTION = YES;
				GCC_WARN_UNUSED_VARIABLE = YES;
				IPHONEOS_DEPLOYMENT_TARGET = 26.0;
				LOCALIZATION_PREFERS_STRING_CATALOGS = YES;
				MTL_ENABLE_DEBUG_INFO = INCLUDE_SOURCE;
				MTL_FAST_MATH = YES;
				ONLY_ACTIVE_ARCH = YES;
				SDKROOT = iphoneos;
				SWIFT_ACTIVE_COMPILATION_CONDITIONS = "DEBUG $(inherited)";
				SWIFT_OPTIMIZATION_LEVEL = "-Onone";
			};
			name = Debug;
		};
		D69DDCE1300F0B3100339E42 /* Release configuration for PBXProject "LimitBreak" */ = {
			isa = XCBuildConfiguration;
			buildSettings = {
				ALWAYS_SEARCH_USER_PATHS = NO;
				ASSETCATALOG_COMPILER_GENERATE_SWIFT_ASSET_SYMBOL_EXTENSIONS = YES;
				CLANG_ANALYZER_NONNULL = YES;
				CLANG_ANALYZER_NUMBER_OBJECT_CONVERSION = YES_AGGRESSIVE;
				CLANG_CXX_LANGUAGE_STANDARD = "gnu++20";
				CLANG_ENABLE_MODULES = YES;
				CLANG_ENABLE_OBJC_ARC = YES;
				CLANG_ENABLE_OBJC_WEAK = YES;
				CLANG_WARN_BLOCK_CAPTURE_AUTORELEASING = YES;
				CLANG_WARN_BOOL_CONVERSION = YES;
				CLANG_WARN_COMMA = YES;
				CLANG_WARN_CONSTANT_CONVERSION = YES;
				CLANG_WARN_DEPRECATED_OBJC_IMPLEMENTATIONS = YES;
				CLANG_WARN_DIRECT_OBJC_ISA_USAGE = YES_ERROR;
				CLANG_WARN_DOCUMENTATION_COMMENTS = YES;
				CLANG_WARN_EMPTY_BODY = YES;
				CLANG_WARN_ENUM_CONVERSION = YES;
				CLANG_WARN_INFINITE_RECURSION = YES;
				CLANG_WARN_INT_CONVERSION = YES;
				CLANG_WARN_NON_LITERAL_NULL_CONVERSION = YES;
				CLANG_WARN_OBJC_IMPLICIT_RETAIN_SELF = YES;
				CLANG_WARN_OBJC_LITERAL_CONVERSION = YES;
				CLANG_WARN_OBJC_ROOT_CLASS = YES_ERROR;
				CLANG_WARN_QUOTED_INCLUDE_IN_FRAMEWORK_HEADER = YES;
				CLANG_WARN_RANGE_LOOP_ANALYSIS = YES;
				CLANG_WARN_STRICT_PROTOTYPES = YES;
				CLANG_WARN_SUSPICIOUS_MOVE = YES;
				CLANG_WARN_UNGUARDED_AVAILABILITY = YES_AGGRESSIVE;
				CLANG_WARN_UNREACHABLE_CODE = YES;
				CLANG_WARN__DUPLICATE_METHOD_MATCH = YES;
				COPY_PHASE_STRIP = NO;
				DEBUG_INFORMATION_FORMAT = "dwarf-with-dsym";
				DEVELOPMENT_TEAM = SKN4A8SF67;
				ENABLE_NS_ASSERTIONS = NO;
				ENABLE_STRICT_OBJC_MSGSEND = YES;
				ENABLE_USER_SCRIPT_SANDBOXING = YES;
				GCC_C_LANGUAGE_STANDARD = gnu17;
				GCC_NO_COMMON_BLOCKS = YES;
				GCC_WARN_64_TO_32_BIT_CONVERSION = YES;
				GCC_WARN_ABOUT_RETURN_TYPE = YES_ERROR;
				GCC_WARN_UNDECLARED_SELECTOR = YES;
				GCC_WARN_UNINITIALIZED_AUTOS = YES_AGGRESSIVE;
				GCC_WARN_UNUSED_FUNCTION = YES;
				GCC_WARN_UNUSED_VARIABLE = YES;
				IPHONEOS_DEPLOYMENT_TARGET = 26.0;
				LOCALIZATION_PREFERS_STRING_CATALOGS = YES;
				MTL_ENABLE_DEBUG_INFO = NO;
				MTL_FAST_MATH = YES;
				SDKROOT = iphoneos;
				SWIFT_COMPILATION_MODE = wholemodule;
				VALIDATE_PRODUCT = YES;
			};
			name = Release;
		};
		D69DDCE3300F0B3100339E42 /* Debug configuration for PBXNativeTarget "LimitBreak" */ = {
			isa = XCBuildConfiguration;
			buildSettings = {
				ASSETCATALOG_COMPILER_APPICON_NAME = AppIcon;
				ASSETCATALOG_COMPILER_GLOBAL_ACCENT_COLOR_NAME = AccentColor;
				CODE_SIGN_ENTITLEMENTS = LimitBreak/LimitBreak.entitlements;
				CODE_SIGN_STYLE = Automatic;
				CURRENT_PROJECT_VERSION = 1;
				DEVELOPMENT_ASSET_PATHS = "";
				DEVELOPMENT_TEAM = SKN4A8SF67;
				ENABLE_PREVIEWS = YES;
				GENERATE_INFOPLIST_FILE = YES;
				INFOPLIST_KEY_NSHealthShareUsageDescription = "LimitBreak reads your steps and active energy to show your daily activity alongside your training.";
				INFOPLIST_KEY_NSHealthUpdateUsageDescription = "LimitBreak saves your strength sessions and walks (including drawn routes) to Apple Health.";
				INFOPLIST_KEY_NSLocationWhenInUseUsageDescription = "LimitBreak uses your location to center the map on where you are so you can trace your walk route.";
				INFOPLIST_KEY_NSSupportsLiveActivities = YES;
				INFOPLIST_KEY_UIApplicationSceneManifest_Generation = YES;
				INFOPLIST_KEY_UIApplicationSupportsIndirectInputEvents = YES;
				INFOPLIST_KEY_UILaunchScreen_Generation = YES;
				INFOPLIST_KEY_UISupportedInterfaceOrientations = UIInterfaceOrientationPortrait;
				INFOPLIST_KEY_UISupportedInterfaceOrientations_iPad = "UIInterfaceOrientationLandscapeLeft UIInterfaceOrientationLandscapeRight UIInterfaceOrientationPortrait UIInterfaceOrientationPortraitUpsideDown";
				IPHONEOS_DEPLOYMENT_TARGET = 26.0;
				LD_RUNPATH_SEARCH_PATHS = (
					"$(inherited)",
					"@executable_path/Frameworks",
				);
				MARKETING_VERSION = 1.0.1;
				PRODUCT_BUNDLE_IDENTIFIER = testing.app.LimitBreak;
				PRODUCT_NAME = "$(TARGET_NAME)";
				STRING_CATALOG_GENERATE_SYMBOLS = YES;
				SWIFT_APPROACHABLE_CONCURRENCY = YES;
				SWIFT_DEFAULT_ACTOR_ISOLATION = MainActor;
				SWIFT_EMIT_LOC_STRINGS = YES;
				SWIFT_UPCOMING_FEATURE_MEMBER_IMPORT_VISIBILITY = YES;
				SWIFT_VERSION = 5.0;
				TARGETED_DEVICE_FAMILY = "1,2";
			};
			name = Debug;
		};
		D69DDCE4300F0B3100339E42 /* Release configuration for PBXNativeTarget "LimitBreak" */ = {
			isa = XCBuildConfiguration;
			buildSettings = {
				ASSETCATALOG_COMPILER_APPICON_NAME = AppIcon;
				ASSETCATALOG_COMPILER_GLOBAL_ACCENT_COLOR_NAME = AccentColor;
				CODE_SIGN_ENTITLEMENTS = LimitBreak/LimitBreak.entitlements;
				CODE_SIGN_STYLE = Automatic;
				CURRENT_PROJECT_VERSION = 1;
				DEVELOPMENT_ASSET_PATHS = "";
				DEVELOPMENT_TEAM = SKN4A8SF67;
				ENABLE_PREVIEWS = YES;
				GENERATE_INFOPLIST_FILE = YES;
				INFOPLIST_KEY_NSHealthShareUsageDescription = "LimitBreak reads your steps and active energy to show your daily activity alongside your training.";
				INFOPLIST_KEY_NSHealthUpdateUsageDescription = "LimitBreak saves your strength sessions and walks (including drawn routes) to Apple Health.";
				INFOPLIST_KEY_NSLocationWhenInUseUsageDescription = "LimitBreak uses your location to center the map on where you are so you can trace your walk route.";
				INFOPLIST_KEY_NSSupportsLiveActivities = YES;
				INFOPLIST_KEY_UIApplicationSceneManifest_Generation = YES;
				INFOPLIST_KEY_UIApplicationSupportsIndirectInputEvents = YES;
				INFOPLIST_KEY_UILaunchScreen_Generation = YES;
				INFOPLIST_KEY_UISupportedInterfaceOrientations = UIInterfaceOrientationPortrait;
				INFOPLIST_KEY_UISupportedInterfaceOrientations_iPad = "UIInterfaceOrientationLandscapeLeft UIInterfaceOrientationLandscapeRight UIInterfaceOrientationPortrait UIInterfaceOrientationPortraitUpsideDown";
				IPHONEOS_DEPLOYMENT_TARGET = 26.0;
				LD_RUNPATH_SEARCH_PATHS = (
					"$(inherited)",
					"@executable_path/Frameworks",
				);
				MARKETING_VERSION = 1.0.1;
				PRODUCT_BUNDLE_IDENTIFIER = testing.app.LimitBreak;
				PRODUCT_NAME = "$(TARGET_NAME)";
				STRING_CATALOG_GENERATE_SYMBOLS = YES;
				SWIFT_APPROACHABLE_CONCURRENCY = YES;
				SWIFT_DEFAULT_ACTOR_ISOLATION = MainActor;
				SWIFT_EMIT_LOC_STRINGS = YES;
				SWIFT_UPCOMING_FEATURE_MEMBER_IMPORT_VISIBILITY = YES;
				SWIFT_VERSION = 5.0;
				TARGETED_DEVICE_FAMILY = "1,2";
			};
			name = Release;
		};
		D69DDCE6300F0B3100339E42 /* Debug configuration for PBXNativeTarget "LimitBreakTests" */ = {
			isa = XCBuildConfiguration;
			buildSettings = {
				BUNDLE_LOADER = "$(TEST_HOST)";
				CODE_SIGN_STYLE = Automatic;
				CURRENT_PROJECT_VERSION = 1;
				DEVELOPMENT_TEAM = SKN4A8SF67;
				GENERATE_INFOPLIST_FILE = YES;
				IPHONEOS_DEPLOYMENT_TARGET = 26.0;
				MARKETING_VERSION = 1.0;
				PRODUCT_BUNDLE_IDENTIFIER = testing.app.LimitBreakTests;
				PRODUCT_NAME = "$(TARGET_NAME)";
				STRING_CATALOG_GENERATE_SYMBOLS = NO;
				SWIFT_APPROACHABLE_CONCURRENCY = YES;
				SWIFT_EMIT_LOC_STRINGS = NO;
				SWIFT_UPCOMING_FEATURE_MEMBER_IMPORT_VISIBILITY = YES;
				SWIFT_VERSION = 5.0;
				TARGETED_DEVICE_FAMILY = "1,2";
				TEST_HOST = "$(BUILT_PRODUCTS_DIR)/LimitBreak.app/$(BUNDLE_EXECUTABLE_FOLDER_PATH)/LimitBreak";
			};
			name = Debug;
		};
		D69DDCE7300F0B3100339E42 /* Release configuration for PBXNativeTarget "LimitBreakTests" */ = {
			isa = XCBuildConfiguration;
			buildSettings = {
				BUNDLE_LOADER = "$(TEST_HOST)";
				CODE_SIGN_STYLE = Automatic;
				CURRENT_PROJECT_VERSION = 1;
				DEVELOPMENT_TEAM = SKN4A8SF67;
				GENERATE_INFOPLIST_FILE = YES;
				IPHONEOS_DEPLOYMENT_TARGET = 26.0;
				MARKETING_VERSION = 1.0;
				PRODUCT_BUNDLE_IDENTIFIER = testing.app.LimitBreakTests;
				PRODUCT_NAME = "$(TARGET_NAME)";
				STRING_CATALOG_GENERATE_SYMBOLS = NO;
				SWIFT_APPROACHABLE_CONCURRENCY = YES;
				SWIFT_EMIT_LOC_STRINGS = NO;
				SWIFT_UPCOMING_FEATURE_MEMBER_IMPORT_VISIBILITY = YES;
				SWIFT_VERSION = 5.0;
				TARGETED_DEVICE_FAMILY = "1,2";
				TEST_HOST = "$(BUILT_PRODUCTS_DIR)/LimitBreak.app/$(BUNDLE_EXECUTABLE_FOLDER_PATH)/LimitBreak";
			};
			name = Release;
		};
		D69DDCE9300F0B3100339E42 /* Debug configuration for PBXNativeTarget "LimitBreakUITests" */ = {
			isa = XCBuildConfiguration;
			buildSettings = {
				CODE_SIGN_STYLE = Automatic;
				CURRENT_PROJECT_VERSION = 1;
				DEVELOPMENT_TEAM = SKN4A8SF67;
				GENERATE_INFOPLIST_FILE = YES;
				MARKETING_VERSION = 1.0;
				PRODUCT_BUNDLE_IDENTIFIER = testing.app.LimitBreakUITests;
				PRODUCT_NAME = "$(TARGET_NAME)";
				STRING_CATALOG_GENERATE_SYMBOLS = NO;
				SWIFT_APPROACHABLE_CONCURRENCY = YES;
				SWIFT_EMIT_LOC_STRINGS = NO;
				SWIFT_UPCOMING_FEATURE_MEMBER_IMPORT_VISIBILITY = YES;
				SWIFT_VERSION = 5.0;
				TARGETED_DEVICE_FAMILY = "1,2";
				TEST_TARGET_NAME = LimitBreak;
			};
			name = Debug;
		};
		D69DDCEA300F0B3100339E42 /* Release configuration for PBXNativeTarget "LimitBreakUITests" */ = {
			isa = XCBuildConfiguration;
			buildSettings = {
				CODE_SIGN_STYLE = Automatic;
				CURRENT_PROJECT_VERSION = 1;
				DEVELOPMENT_TEAM = SKN4A8SF67;
				GENERATE_INFOPLIST_FILE = YES;
				MARKETING_VERSION = 1.0;
				PRODUCT_BUNDLE_IDENTIFIER = testing.app.LimitBreakUITests;
				PRODUCT_NAME = "$(TARGET_NAME)";
				STRING_CATALOG_GENERATE_SYMBOLS = NO;
				SWIFT_APPROACHABLE_CONCURRENCY = YES;
				SWIFT_EMIT_LOC_STRINGS = NO;
				SWIFT_UPCOMING_FEATURE_MEMBER_IMPORT_VISIBILITY = YES;
				SWIFT_VERSION = 5.0;
				TARGETED_DEVICE_FAMILY = "1,2";
				TEST_TARGET_NAME = LimitBreak;
			};
			name = Release;
		};
/* End XCBuildConfiguration section */

/* Begin XCConfigurationList section */
		AA10000000000000000000D0 /* Build configuration list for PBXNativeTarget "LimitBreakWatch" */ = {
			isa = XCConfigurationList;
			buildConfigurations = (
				AA10000000000000000000D1 /* Debug configuration for PBXNativeTarget "LimitBreakWatch" */,
				AA10000000000000000000D2 /* Release configuration for PBXNativeTarget "LimitBreakWatch" */,
			);
			defaultConfigurationName = Release;
		};
		AA10000000000000000000E0 /* Build configuration list for PBXNativeTarget "LimitBreakWidgets" */ = {
			isa = XCConfigurationList;
			buildConfigurations = (
				AA10000000000000000000E1 /* Debug configuration for PBXNativeTarget "LimitBreakWidgets" */,
				AA10000000000000000000E2 /* Release configuration for PBXNativeTarget "LimitBreakWidgets" */,
			);
			defaultConfigurationName = Release;
		};
		D69DDCBC300F0B3000339E42 /* Build configuration list for PBXProject "LimitBreak" */ = {
			isa = XCConfigurationList;
			buildConfigurations = (
				D69DDCE0300F0B3100339E42 /* Debug configuration for PBXProject "LimitBreak" */,
				D69DDCE1300F0B3100339E42 /* Release configuration for PBXProject "LimitBreak" */,
			);
			defaultConfigurationName = Release;
		};
		D69DDCE2300F0B3100339E42 /* Build configuration list for PBXNativeTarget "LimitBreak" */ = {
			isa = XCConfigurationList;
			buildConfigurations = (
				D69DDCE3300F0B3100339E42 /* Debug configuration for PBXNativeTarget "LimitBreak" */,
				D69DDCE4300F0B3100339E42 /* Release configuration for PBXNativeTarget "LimitBreak" */,
			);
			defaultConfigurationName = Release;
		};
		D69DDCE5300F0B3100339E42 /* Build configuration list for PBXNativeTarget "LimitBreakTests" */ = {
			isa = XCConfigurationList;
			buildConfigurations = (
				D69DDCE6300F0B3100339E42 /* Debug configuration for PBXNativeTarget "LimitBreakTests" */,
				D69DDCE7300F0B3100339E42 /* Release configuration for PBXNativeTarget "LimitBreakTests" */,
			);
			defaultConfigurationName = Release;
		};
		D69DDCE8300F0B3100339E42 /* Build configuration list for PBXNativeTarget "LimitBreakUITests" */ = {
			isa = XCConfigurationList;
			buildConfigurations = (
				D69DDCE9300F0B3100339E42 /* Debug configuration for PBXNativeTarget "LimitBreakUITests" */,
				D69DDCEA300F0B3100339E42 /* Release configuration for PBXNativeTarget "LimitBreakUITests" */,
			);
			defaultConfigurationName = Release;
		};
/* End XCConfigurationList section */
	};
	rootObject = D69DDCB9300F0B3000339E42 /* Project object */;
	validationLevel = 1;
}
